// !$*UTF8*$!
{
	archiveVersion = 1;
	classes = {
	};
	objectVersion = 50;
	objects = {

/* Begin PBXBuildFile section */
		7D949C2423C7E21C00B7B0FE /* AppDelegate.swift in Sources */ = {isa = PBXBuildFile; fileRef = 7D949C2323C7E21C00B7B0FE /* AppDelegate.swift */; };
		7D949C2623C7E21C00B7B0FE /* SceneDelegate.swift in Sources */ = {isa = PBXBuildFile; fileRef = 7D949C2523C7E21C00B7B0FE /* SceneDelegate.swift */; };
		7D949C2823C7E21C00B7B0FE /* ViewController.swift in Sources */ = {isa = PBXBuildFile; fileRef = 7D949C2723C7E21C00B7B0FE /* ViewController.swift */; };
		7D949C2B23C7E21C00B7B0FE /* Main.storyboard in Resources */ = {isa = PBXBuildFile; fileRef = 7D949C2923C7E21C00B7B0FE /* Main.storyboard */; };
		7D949C2D23C7E21E00B7B0FE /* Assets.xcassets in Resources */ = {isa = PBXBuildFile; fileRef = 7D949C2C23C7E21E00B7B0FE /* Assets.xcassets */; };
		7D949C3023C7E21E00B7B0FE /* LaunchScreen.storyboard in Resources */ = {isa = PBXBuildFile; fileRef = 7D949C2E23C7E21E00B7B0FE /* LaunchScreen.storyboard */; };
		7D949C3823C7E58900B7B0FE /* Sign.swift in Sources */ = {isa = PBXBuildFile; fileRef = 7D949C3723C7E58900B7B0FE /* Sign.swift */; };
		7D949C3A23C7E5E800B7B0FE /* Control State.swift in Sources */ = {isa = PBXBuildFile; fileRef = 7D949C3923C7E5E800B7B0FE /* Control State.swift */; };
/* End PBXBuildFile section */

/* Begin PBXFileReference section */
		7D949C2023C7E21C00B7B0FE /* ClaseViernesPPTGameApp.app */ = {isa = PBXFileReference; explicitFileType = wrapper.application; includeInIndex = 0; path = ClaseViernesPPTGameApp.app; sourceTree = BUILT_PRODUCTS_DIR; };
		7D949C2323C7E21C00B7B0FE /* AppDelegate.swift */ = {isa = PBXFileReference; lastKnownFileType = sourcecode.swift; path = AppDelegate.swift; sourceTree = "<group>"; };
		7D949C2523C7E21C00B7B0FE /* SceneDelegate.swift */ = {isa = PBXFileReference; lastKnownFileType = sourcecode.swift; path = SceneDelegate.swift; sourceTree = "<group>"; };
		7D949C2723C7E21C00B7B0FE /* ViewController.swift */ = {isa = PBXFileReference; lastKnownFileType = sourcecode.swift; path = ViewController.swift; sourceTree = "<group>"; };
		7D949C2A23C7E21C00B7B0FE /* Base */ = {isa = PBXFileReference; lastKnownFileType = file.storyboard; name = Base; path = Base.lproj/Main.storyboard; sourceTree = "<group>"; };
		7D949C2C23C7E21E00B7B0FE /* Assets.xcassets */ = {isa = PBXFileReference; lastKnownFileType = folder.assetcatalog; path = Assets.xcassets; sourceTree = "<group>"; };
		7D949C2F23C7E21E00B7B0FE /* Base */ = {isa = PBXFileReference; lastKnownFileType = file.storyboard; name = Base; path = Base.lproj/LaunchScreen.storyboard; sourceTree = "<group>"; };
		7D949C3123C7E21E00B7B0FE /* Info.plist */ = {isa = PBXFileReference; lastKnownFileType = text.plist.xml; path = Info.plist; sourceTree = "<group>"; };
		7D949C3723C7E58900B7B0FE /* Sign.swift */ = {isa = PBXFileReference; lastKnownFileType = sourcecode.swift; path = Sign.swift; sourceTree = "<group>"; };
		7D949C3923C7E5E800B7B0FE /* Control State.swift */ = {isa = PBXFileReference; lastKnownFileType = sourcecode.swift; path = "Control State.swift"; sourceTree = "<group>"; };
/* End PBXFileReference section */

/* Begin PBXFrameworksBuildPhase section */
		7D949C1D23C7E21C00B7B0FE /* Frameworks */ = {
			isa = PBXFrameworksBuildPhase;
			buildActionMask = 2147483647;
			files = (
			);
			runOnlyForDeploymentPostprocessing = 0;
		};
/* End PBXFrameworksBuildPhase section */

/* Begin PBXGroup section */
		7D949C1723C7E21C00B7B0FE = {
			isa = PBXGroup;
			children = (
				7D949C2223C7E21C00B7B0FE /* ClaseViernesPPTGameApp */,
				7D949C2123C7E21C00B7B0FE /* Products */,
			);
			sourceTree = "<group>";
		};
		7D949C2123C7E21C00B7B0FE /* Products */ = {
			isa = PBXGroup;
			children = (
				7D949C2023C7E21C00B7B0FE /* ClaseViernesPPTGameApp.app */,
			);
			name = Products;
			sourceTree = "<group>";
		};
		7D949C2223C7E21C00B7B0FE /* ClaseViernesPPTGameApp */ = {
			isa = PBXGroup;
			children = (
				7D949C2323C7E21C00B7B0FE /* AppDelegate.swift */,
				7D949C2523C7E21C00B7B0FE /* SceneDelegate.swift */,
				7D949C2723C7E21C00B7B0FE /* ViewController.swift */,
				7D949C2923C7E21C00B7B0FE /* Main.storyboard */,
				7D949C3723C7E58900B7B0FE /* Sign.swift */,
				7D949C3923C7E5E800B7B0FE /* Control State.swift */,
				7D949C2C23C7E21E00B7B0FE /* Assets.xcassets */,
				7D949C2E23C7E21E00B7B0FE /* LaunchScreen.storyboard */,
				7D949C3123C7E21E00B7B0FE /* Info.plist */,
			);
			path = ClaseViernesPPTGameApp;
			sourceTree = "<group>";
		};
/* End PBXGroup section */

/* Begin PBXNativeTarget section */
		7D949C1F23C7E21C00B7B0FE /* ClaseViernesPPTGameApp */ = {
			isa = PBXNativeTarget;
			buildConfigurationList = 7D949C3423C7E21E00B7B0FE /* Build configuration list for PBXNativeTarget "ClaseViernesPPTGameApp" */;
			buildPhases = (
				7D949C1C23C7E21C00B7B0FE /* Sources */,
				7D949C1D23C7E21C00B7B0FE /* Frameworks */,
				7D949C1E23C7E21C00B7B0FE /* Resources */,
			);
			buildRules = (
			);
			dependencies = (
			);
			name = ClaseViernesPPTGameApp;
			productName = ClaseViernesPPTGameApp;
			productReference = 7D949C2023C7E21C00B7B0FE /* ClaseViernesPPTGameApp.app */;
			productType = "com.apple.product-type.application";
		};
/* End PBXNativeTarget section */

/* Begin PBXProject section */
		7D949C1823C7E21C00B7B0FE /* Project object */ = {
			isa = PBXProject;
			attributes = {
				LastSwiftUpdateCheck = 1130;
				LastUpgradeCheck = 1130;
				ORGANIZATIONNAME = "2020-2";
				TargetAttributes = {
					7D949C1F23C7E21C00B7B0FE = {
						CreatedOnToolsVersion = 11.3;
					};
				};
			};
			buildConfigurationList = 7D949C1B23C7E21C00B7B0FE /* Build configuration list for PBXProject "ClaseViernesPPTGameApp" */;
			compatibilityVersion = "Xcode 9.3";
			developmentRegion = en;
			hasScannedForEncodings = 0;
			knownRegions = (
				en,
				Base,
			);
			mainGroup = 7D949C1723C7E21C00B7B0FE;
			productRefGroup = 7D949C2123C7E21C00B7B0FE /* Products */;
			projectDirPath = "";
			projectRoot = "";
			targets = (
				7D949C1F23C7E21C00B7B0FE /* ClaseViernesPPTGameApp */,
			);
		};
/* End PBXProject section */

/* Begin PBXResourcesBuildPhase section */
		7D949C1E23C7E21C00B7B0FE /* Resources */ = {
			isa = PBXResourcesBuildPhase;
			buildActionMask = 2147483647;
			files = (
				7D949C3023C7E21E00B7B0FE /* LaunchScreen.storyboard in Resources */,
				7D949C2D23C7E21E00B7B0FE /* Assets.xcassets in Resources */,
				7D949C2B23C7E21C00B7B0FE /* Main.storyboard in Resources */,
			);
			runOnlyForDeploymentPostprocessing = 0;
		};
/* End PBXResourcesBuildPhase section */

/* Begin PBXSourcesBuildPhase section */
		7D949C1C23C7E21C00B7B0FE /* Sources */ = {
			isa = PBXSourcesBuildPhase;
			buildActionMask = 2147483647;
			files = (
				7D949C2823C7E21C00B7B0FE /* ViewController.swift in Sources */,
				7D949C3A23C7E5E800B7B0FE /* Control State.swift in Sources */,
				7D949C2423C7E21C00B7B0FE /* AppDelegate.swift in Sources */,
				7D949C3823C7E58900B7B0FE /* Sign.swift in Sources */,
				7D949C2623C7E21C00B7B0FE /* SceneDelegate.swift in Sources */,
			);
			runOnlyForDeploymentPostprocessing = 0;
		};
/* End PBXSourcesBuildPhase section */

/* Begin PBXVariantGroup section */
		7D949C2923C7E21C00B7B0FE /* Main.storyboard */ = {
			isa = PBXVariantGroup;
			children = (
				7D949C2A23C7E21C00B7B0FE /* Base */,
			);
			name = Main.storyboard;
			sourceTree = "<group>";
		};
		7D949C2E23C7E21E00B7B0FE /* LaunchScreen.storyboard */ = {
			isa = PBXVariantGroup;
			children = (
				7D949C2F23C7E21E00B7B0FE /* Base */,
			);
			name = LaunchScreen.storyboard;
			sourceTree = "<group>";
		};
/* End PBXVariantGroup section */

/* Begin XCBuildConfiguration section */
		7D949C3223C7E21E00B7B0FE /* Debug */ = {
			isa = XCBuildConfiguration;
			buildSettings = {
				ALWAYS_SEARCH_USER_PATHS = NO;
				CLANG_ANALYZER_NONNULL = YES;
				CLANG_ANALYZER_NUMBER_OBJECT_CONVERSION = YES_AGGRESSIVE;
				CLANG_CXX_LANGUAGE_STANDARD = "gnu++14";
				CLANG_CXX_LIBRARY = "libc++";
				CLANG_ENABLE_MODULES = YES;
				CLANG_ENABLE_OBJC_ARC = YES;
				CLANG_ENABLE_OBJC_WEAK = YES;
				CLANG_WARN_BLOCK_CAPTURE_AUTORELEASING = YES;
				CLANG_WARN_BOOL_CONVERSION = YES;
				CLANG_WARN_COMMA = YES;
				CLANG_WARN_CONSTANT_CONVERSION = YES;
				CLANG_WARN_DEPRECATED_OBJC_IMPLEMENTATIONS = YES;
				CLANG_WARN_DIRECT_OBJC_ISA_USAGE = YES_ERROR;
				CLANG_WARN_DOCUMENTATION_COMMENTS = YES;
				CLANG_WARN_EMPTY_BODY = YES;
				CLANG_WARN_ENUM_CONVERSION = YES;
				CLANG_WARN_INFINITE_RECURSION = YES;
				CLANG_WARN_INT_CONVERSION = YES;
				CLANG_WARN_NON_LITERAL_NULL_CONVERSION = YES;
				CLANG_WARN_OBJC_IMPLICIT_RETAIN_SELF = YES;
				CLANG_WARN_OBJC_LITERAL_CONVERSION = YES;
				CLANG_WARN_OBJC_ROOT_CLASS = YES_ERROR;
				CLANG_WARN_RANGE_LOOP_ANALYSIS = YES;
				CLANG_WARN_STRICT_PROTOTYPES = YES;
				CLANG_WARN_SUSPICIOUS_MOVE = YES;
				CLANG_WARN_UNGUARDED_AVAILABILITY = YES_AGGRESSIVE;
				CLANG_WARN_UNREACHABLE_CODE = YES;
				CLANG_WARN__DUPLICATE_METHOD_MATCH = YES;
				COPY_PHASE_STRIP = NO;
				DEBUG_INFORMATION_FORMAT = dwarf;
				ENABLE_STRICT_OBJC_MSGSEND = YES;
				ENABLE_TESTABILITY = YES;
				GCC_C_LANGUAGE_STANDARD = gnu11;
				GCC_DYNAMIC_NO_PIC = NO;
				GCC_NO_COMMON_BLOCKS = YES;
				GCC_OPTIMIZATION_LEVEL = 0;
				GCC_PREPROCESSOR_DEFINITIONS = (
					"DEBUG=1",
					"$(inherited)",
				);
				GCC_WARN_64_TO_32_BIT_CONVERSION = YES;
				GCC_WARN_ABOUT_RETURN_TYPE = YES_ERROR;
				GCC_WARN_UNDECLARED_SELECTOR = YES;
				GCC_WARN_UNINITIALIZED_AUTOS = YES_AGGRESSIVE;
				GCC_WARN_UNUSED_FUNCTION = YES;
				GCC_WARN_UNUSED_VARIABLE = YES;
				IPHONEOS_DEPLOYMENT_TARGET = 13.2;
				MTL_ENABLE_DEBUG_INFO = INCLUDE_SOURCE;
				MTL_FAST_MATH = YES;
				ONLY_ACTIVE_ARCH = YES;
				SDKROOT = iphoneos;
				SWIFT_ACTIVE_COMPILATION_CONDITIONS = DEBUG;
				SWIFT_OPTIMIZATION_LEVEL = "-Onone";
			};
			name = Debug;
		};
		7D949C3323C7E21E00B7B0FE /* Release */ = {
			isa = XCBuildConfiguration;
			buildSettings = {
				ALWAYS_SEARCH_USER_PATHS = NO;
				CLANG_ANALYZER_NONNULL = YES;
				CLANG_ANALYZER_NUMBER_OBJECT_CONVERSION = YES_AGGRESSIVE;
				CLANG_CXX_LANGUAGE_STANDARD = "gnu++14";
				CLANG_CXX_LIBRARY = "libc++";
				CLANG_ENABLE_MODULES = YES;
				CLANG_ENABLE_OBJC_ARC = YES;
				CLANG_ENABLE_OBJC_WEAK = YES;
				CLANG_WARN_BLOCK_CAPTURE_AUTORELEASING = YES;
				CLANG_WARN_BOOL_CONVERSION = YES;
				CLANG_WARN_COMMA = YES;
				CLANG_WARN_CONSTANT_CONVERSION = YES;
				CLANG_WARN_DEPRECATED_OBJC_IMPLEMENTATIONS = YES;
				CLANG_WARN_DIRECT_OBJC_ISA_USAGE = YES_ERROR;
				CLANG_WARN_DOCUMENTATION_COMMENTS = YES;
				CLANG_WARN_EMPTY_BODY = YES;
				CLANG_WARN_ENUM_CONVERSION = YES;
				CLANG_WARN_INFINITE_RECURSION = YES;
				CLANG_WARN_INT_CONVERSION = YES;
				CLANG_WARN_NON_LITERAL_NULL_CONVERSION = YES;
				CLANG_WARN_OBJC_IMPLICIT_RETAIN_SELF = YES;
				CLANG_WARN_OBJC_LITERAL_CONVERSION = YES;
				CLANG_WARN_OBJC_ROOT_CLASS = YES_ERROR;
				CLANG_WARN_RANGE_LOOP_ANALYSIS = YES;
				CLANG_WARN_STRICT_PROTOTYPES = YES;
				CLANG_WARN_SUSPICIOUS_MOVE = YES;
				CLANG_WARN_UNGUARDED_AVAILABILITY = YES_AGGRESSIVE;
				CLANG_WARN_UNREACHABLE_CODE = YES;
				CLANG_WARN__DUPLICATE_METHOD_MATCH = YES;
				COPY_PHASE_STRIP = NO;
				DEBUG_INFORMATION_FORMAT = "dwarf-with-dsym";
				ENABLE_NS_ASSERTIONS = NO;
				ENABLE_STRICT_OBJC_MSGSEND = YES;
				GCC_C_LANGUAGE_STANDARD = gnu11;
				GCC_NO_COMMON_BLOCKS = YES;
				GCC_WARN_64_TO_32_BIT_CONVERSION = YES;
				GCC_WARN_ABOUT_RETURN_TYPE = YES_ERROR;
				GCC_WARN_UNDECLARED_SELECTOR = YES;
				GCC_WARN_UNINITIALIZED_AUTOS = YES_AGGRESSIVE;
				GCC_WARN_UNUSED_FUNCTION = YES;
				GCC_WARN_UNUSED_VARIABLE = YES;
				IPHONEOS_DEPLOYMENT_TARGET = 13.2;
				MTL_ENABLE_DEBUG_INFO = NO;
				MTL_FAST_MATH = YES;
				SDKROOT = iphoneos;
				SWIFT_COMPILATION_MODE = wholemodule;
				SWIFT_OPTIMIZATION_LEVEL = "-O";
				VALIDATE_PRODUCT = YES;
			};
			name = Release;
		};
		7D949C3523C7E21E00B7B0FE /* Debug */ = {
			isa = XCBuildConfiguration;
			buildSettings = {
				ASSETCATALOG_COMPILER_APPICON_NAME = AppIcon;
				CODE_SIGN_STYLE = Automatic;
				INFOPLIST_FILE = ClaseViernesPPTGameApp/Info.plist;
				LD_RUNPATH_SEARCH_PATHS = (
					"$(inherited)",
					"@executable_path/Frameworks",
				);
				PRODUCT_BUNDLE_IDENTIFIER = unam.ClaseViernesPPTGameApp;
				PRODUCT_NAME = "$(TARGET_NAME)";
				SWIFT_VERSION = 5.0;
				TARGETED_DEVICE_FAMILY = "1,2";
			};
			name = Debug;
		};
		7D949C3623C7E21E00B7B0FE /* Release */ = {
			isa = XCBuildConfiguration;
			buildSettings = {
				ASSETCATALOG_COMPILER_APPICON_NAME = AppIcon;
				CODE_SIGN_STYLE = Automatic;
				INFOPLIST_FILE = ClaseViernesPPTGameApp/Info.plist;
				LD_RUNPATH_SEARCH_PATHS = (
					"$(inherited)",
					"@executable_path/Frameworks",
				);
				PRODUCT_BUNDLE_IDENTIFIER = unam.ClaseViernesPPTGameApp;
				PRODUCT_NAME = "$(TARGET_NAME)";
				SWIFT_VERSION = 5.0;
				TARGETED_DEVICE_FAMILY = "1,2";
			};
			name = Release;
		};
/* End XCBuildConfiguration section */

/* Begin XCConfigurationList section */
		7D949C1B23C7E21C00B7B0FE /* Build configuration list for PBXProject "ClaseViernesPPTGameApp" */ = {
			isa = XCConfigurationList;
			buildConfigurations = (
				7D949C3223C7E21E00B7B0FE /* Debug */,
				7D949C3323C7E21E00B7B0FE /* Release */,
			);
			defaultConfigurationIsVisible = 0;
			defaultConfigurationName = Release;
		};
		7D949C3423C7E21E00B7B0FE /* Build configuration list for PBXNativeTarget "ClaseViernesPPTGameApp" */ = {
			isa = XCConfigurationList;
			buildConfigurations = (
				7D949C3523C7E21E00B7B0FE /* Debug */,
				7D949C3623C7E21E00B7B0FE /* Release */,
			);
			defaultConfigurationIsVisible = 0;
			defaultConfigurationName = Release;
		};
/* End XCConfigurationList section */
	};
	rootObject = 7D949C1823C7E21C00B7B0FE /* Project object */;
}
